// !$*UTF8*$!
{
	archiveVersion = 1;
	classes = {
	};
	objectVersion = 55;
	objects = {

/* Begin PBXBuildFile section */
		03A15DBD28B11E6000D73910 /* dev_fuckrkn1.p12 in Resources */ = {isa = PBXBuildFile; fileRef = 03A15DBC28B11E6000D73910 /* dev_fuckrkn1.p12 */; };
		03AD5178289AC51F0097101D /* VPNService.swift in Sources */ = {isa = PBXBuildFile; fileRef = 03AD5177289AC51F0097101D /* VPNService.swift */; };
		03D333E328A942F00083B0D0 /* VPNSettings.swift in Sources */ = {isa = PBXBuildFile; fileRef = 03D333E228A942F00083B0D0 /* VPNSettings.swift */; };
		03D333E828A950A90083B0D0 /* fuckrkn1.p12 in Resources */ = {isa = PBXBuildFile; fileRef = 03D333E728A950A90083B0D0 /* fuckrkn1.p12 */; };
		03D333EA28A964CE0083B0D0 /* ConnectionState.swift in Sources */ = {isa = PBXBuildFile; fileRef = 03D333E928A964CE0083B0D0 /* ConnectionState.swift */; };
		03D333EC28A96A1F0083B0D0 /* Typealiases.swift in Sources */ = {isa = PBXBuildFile; fileRef = 03D333EB28A96A1F0083B0D0 /* Typealiases.swift */; };
		03D333F428AC2B5C0083B0D0 /* AppDelegate.swift in Sources */ = {isa = PBXBuildFile; fileRef = 03D333F328AC2B5C0083B0D0 /* AppDelegate.swift */; };
		03D333F628AC2CB80083B0D0 /* P12Service.swift in Sources */ = {isa = PBXBuildFile; fileRef = 03D333F528AC2CB80083B0D0 /* P12Service.swift */; };
		6F05DBB72894128700632934 /* LibertyApp.swift in Sources */ = {isa = PBXBuildFile; fileRef = 6F05DBB62894128700632934 /* LibertyApp.swift */; };
		6F05DBB92894128700632934 /* ContentView.swift in Sources */ = {isa = PBXBuildFile; fileRef = 6F05DBB82894128700632934 /* ContentView.swift */; };
		6F05DBBB2894128A00632934 /* Assets.xcassets in Resources */ = {isa = PBXBuildFile; fileRef = 6F05DBBA2894128A00632934 /* Assets.xcassets */; };
		6F05DBBF2894128A00632934 /* Preview Assets.xcassets in Resources */ = {isa = PBXBuildFile; fileRef = 6F05DBBE2894128A00632934 /* Preview Assets.xcassets */; };
		6F05DBC82894130100632934 /* ConnectView.swift in Sources */ = {isa = PBXBuildFile; fileRef = 6F05DBC52894130100632934 /* ConnectView.swift */; };
		6F05DBC92894130100632934 /* DonateScreen.swift in Sources */ = {isa = PBXBuildFile; fileRef = 6F05DBC62894130100632934 /* DonateScreen.swift */; };
		6F05DBCA2894130100632934 /* AboutScreen.swift in Sources */ = {isa = PBXBuildFile; fileRef = 6F05DBC72894130100632934 /* AboutScreen.swift */; };
		6F45B97E289430CD001076C8 /* Exo2.ttf in Resources */ = {isa = PBXBuildFile; fileRef = 6F45B97D289430CD001076C8 /* Exo2.ttf */; };
/* End PBXBuildFile section */

/* Begin PBXCopyFilesBuildPhase section */
		03A15DB228B10F9D00D73910 /* Embed App Extensions */ = {
			isa = PBXCopyFilesBuildPhase;
			buildActionMask = 2147483647;
			dstPath = "";
			dstSubfolderSpec = 13;
			files = (
			);
			name = "Embed App Extensions";
			runOnlyForDeploymentPostprocessing = 0;
		};
/* End PBXCopyFilesBuildPhase section */

/* Begin PBXFileReference section */
		03A15DBC28B11E6000D73910 /* dev_fuckrkn1.p12 */ = {isa = PBXFileReference; lastKnownFileType = file; path = dev_fuckrkn1.p12; sourceTree = "<group>"; };
		03AD5177289AC51F0097101D /* VPNService.swift */ = {isa = PBXFileReference; lastKnownFileType = sourcecode.swift; path = VPNService.swift; sourceTree = "<group>"; };
		03D333E228A942F00083B0D0 /* VPNSettings.swift */ = {isa = PBXFileReference; lastKnownFileType = sourcecode.swift; path = VPNSettings.swift; sourceTree = "<group>"; };
		03D333E728A950A90083B0D0 /* fuckrkn1.p12 */ = {isa = PBXFileReference; lastKnownFileType = file; path = fuckrkn1.p12; sourceTree = "<group>"; };
		03D333E928A964CE0083B0D0 /* ConnectionState.swift */ = {isa = PBXFileReference; lastKnownFileType = sourcecode.swift; path = ConnectionState.swift; sourceTree = "<group>"; };
		03D333EB28A96A1F0083B0D0 /* Typealiases.swift */ = {isa = PBXFileReference; lastKnownFileType = sourcecode.swift; path = Typealiases.swift; sourceTree = "<group>"; };
		03D333F328AC2B5C0083B0D0 /* AppDelegate.swift */ = {isa = PBXFileReference; lastKnownFileType = sourcecode.swift; path = AppDelegate.swift; sourceTree = "<group>"; };
		03D333F528AC2CB80083B0D0 /* P12Service.swift */ = {isa = PBXFileReference; lastKnownFileType = sourcecode.swift; path = P12Service.swift; sourceTree = "<group>"; };
		6F05DBB32894128700632934 /* Liberty.app */ = {isa = PBXFileReference; explicitFileType = wrapper.application; includeInIndex = 0; path = Liberty.app; sourceTree = BUILT_PRODUCTS_DIR; };
		6F05DBB62894128700632934 /* LibertyApp.swift */ = {isa = PBXFileReference; lastKnownFileType = sourcecode.swift; path = LibertyApp.swift; sourceTree = "<group>"; };
		6F05DBB82894128700632934 /* ContentView.swift */ = {isa = PBXFileReference; lastKnownFileType = sourcecode.swift; path = ContentView.swift; sourceTree = "<group>"; };
		6F05DBBA2894128A00632934 /* Assets.xcassets */ = {isa = PBXFileReference; lastKnownFileType = folder.assetcatalog; path = Assets.xcassets; sourceTree = "<group>"; };
		6F05DBBC2894128A00632934 /* Liberty.entitlements */ = {isa = PBXFileReference; lastKnownFileType = text.plist.entitlements; path = Liberty.entitlements; sourceTree = "<group>"; };
		6F05DBBE2894128A00632934 /* Preview Assets.xcassets */ = {isa = PBXFileReference; lastKnownFileType = folder.assetcatalog; path = "Preview Assets.xcassets"; sourceTree = "<group>"; };
		6F05DBC52894130100632934 /* ConnectView.swift */ = {isa = PBXFileReference; fileEncoding = 4; lastKnownFileType = sourcecode.swift; path = ConnectView.swift; sourceTree = "<group>"; };
		6F05DBC62894130100632934 /* DonateScreen.swift */ = {isa = PBXFileReference; fileEncoding = 4; lastKnownFileType = sourcecode.swift; path = DonateScreen.swift; sourceTree = "<group>"; };
		6F05DBC72894130100632934 /* AboutScreen.swift */ = {isa = PBXFileReference; fileEncoding = 4; lastKnownFileType = sourcecode.swift; path = AboutScreen.swift; sourceTree = "<group>"; };
		6F45B97D289430CD001076C8 /* Exo2.ttf */ = {isa = PBXFileReference; lastKnownFileType = file; path = Exo2.ttf; sourceTree = "<group>"; };
		6F45B97F289433E5001076C8 /* Info.plist */ = {isa = PBXFileReference; lastKnownFileType = text.plist; path = Info.plist; sourceTree = "<group>"; };
/* End PBXFileReference section */

/* Begin PBXFrameworksBuildPhase section */
		6F05DBB02894128700632934 /* Frameworks */ = {
			isa = PBXFrameworksBuildPhase;
			buildActionMask = 2147483647;
			files = (
			);
			runOnlyForDeploymentPostprocessing = 0;
		};
/* End PBXFrameworksBuildPhase section */

/* Begin PBXGroup section */
		03A15DBA28B11DAD00D73910 /* Debug */ = {
			isa = PBXGroup;
			children = (
				03A15DBC28B11E6000D73910 /* dev_fuckrkn1.p12 */,
			);
			path = Debug;
			sourceTree = "<group>";
		};
		03A15DBB28B11DB800D73910 /* Release */ = {
			isa = PBXGroup;
			children = (
				03D333E728A950A90083B0D0 /* fuckrkn1.p12 */,
			);
			path = Release;
			sourceTree = "<group>";
		};
		03AD5173289AC2080097101D /* VPN */ = {
			isa = PBXGroup;
			children = (
				03AD5177289AC51F0097101D /* VPNService.swift */,
				03D333E228A942F00083B0D0 /* VPNSettings.swift */,
				03D333F528AC2CB80083B0D0 /* P12Service.swift */,
			);
			path = VPN;
			sourceTree = "<group>";
		};
		03AD5174289AC2120097101D /* Modules */ = {
			isa = PBXGroup;
			children = (
				03AD5173289AC2080097101D /* VPN */,
			);
			path = Modules;
			sourceTree = "<group>";
		};
		03AD5179289AC6E30097101D /* Models */ = {
			isa = PBXGroup;
			children = (
				03D333E928A964CE0083B0D0 /* ConnectionState.swift */,
				03D333EB28A96A1F0083B0D0 /* Typealiases.swift */,
			);
			path = Models;
			sourceTree = "<group>";
		};
		03D333DC28A916010083B0D0 /* Supporting Files */ = {
			isa = PBXGroup;
			children = (
				6F05DBBA2894128A00632934 /* Assets.xcassets */,
				6F05DBBC2894128A00632934 /* Liberty.entitlements */,
				6F05DBBD2894128A00632934 /* Preview Content */,
				03D333E628A950920083B0D0 /* Keys */,
				6F45B97728942FE0001076C8 /* Fonts */,
				03D333F328AC2B5C0083B0D0 /* AppDelegate.swift */,
			);
			path = "Supporting Files";
			sourceTree = "<group>";
		};
		03D333E628A950920083B0D0 /* Keys */ = {
			isa = PBXGroup;
			children = (
				03A15DBB28B11DB800D73910 /* Release */,
				03A15DBA28B11DAD00D73910 /* Debug */,
			);
			path = Keys;
			sourceTree = "<group>";
		};
		6F05DBAA2894128700632934 = {
			isa = PBXGroup;
			children = (
				6F05DBB52894128700632934 /* Liberty */,
				6F05DBB42894128700632934 /* Products */,
			);
			sourceTree = "<group>";
		};
		6F05DBB42894128700632934 /* Products */ = {
			isa = PBXGroup;
			children = (
				6F05DBB32894128700632934 /* Liberty.app */,
			);
			name = Products;
			sourceTree = "<group>";
		};
		6F05DBB52894128700632934 /* Liberty */ = {
			isa = PBXGroup;
			children = (
				6F45B97F289433E5001076C8 /* Info.plist */,
				6F05DBB62894128700632934 /* LibertyApp.swift */,
				6F45B97628942FCC001076C8 /* UI */,
				03AD5179289AC6E30097101D /* Models */,
				03AD5174289AC2120097101D /* Modules */,
				03D333DC28A916010083B0D0 /* Supporting Files */,
			);
			path = Liberty;
			sourceTree = "<group>";
		};
		6F05DBBD2894128A00632934 /* Preview Content */ = {
			isa = PBXGroup;
			children = (
				6F05DBBE2894128A00632934 /* Preview Assets.xcassets */,
			);
			path = "Preview Content";
			sourceTree = "<group>";
		};
		6F45B97628942FCC001076C8 /* UI */ = {
			isa = PBXGroup;
			children = (
				6F05DBB82894128700632934 /* ContentView.swift */,
				6F05DBC52894130100632934 /* ConnectView.swift */,
				6F05DBC72894130100632934 /* AboutScreen.swift */,
				6F05DBC62894130100632934 /* DonateScreen.swift */,
			);
			path = UI;
			sourceTree = "<group>";
		};
		6F45B97728942FE0001076C8 /* Fonts */ = {
			isa = PBXGroup;
			children = (
				6F45B97D289430CD001076C8 /* Exo2.ttf */,
			);
			path = Fonts;
			sourceTree = "<group>";
		};
/* End PBXGroup section */

/* Begin PBXNativeTarget section */
		6F05DBB22894128700632934 /* Liberty */ = {
			isa = PBXNativeTarget;
			buildConfigurationList = 6F05DBC22894128A00632934 /* Build configuration list for PBXNativeTarget "Liberty" */;
			buildPhases = (
				6F05DBAF2894128700632934 /* Sources */,
				6F05DBB02894128700632934 /* Frameworks */,
				6F05DBB12894128700632934 /* Resources */,
				03A15DB228B10F9D00D73910 /* Embed App Extensions */,
			);
			buildRules = (
			);
			dependencies = (
			);
			name = Liberty;
			packageProductDependencies = (
			);
			productName = Liberty;
			productReference = 6F05DBB32894128700632934 /* Liberty.app */;
			productType = "com.apple.product-type.application";
		};
/* End PBXNativeTarget section */

/* Begin PBXProject section */
		6F05DBAB2894128700632934 /* Project object */ = {
			isa = PBXProject;
			attributes = {
				BuildIndependentTargetsInParallel = 1;
				LastSwiftUpdateCheck = 1340;
				LastUpgradeCheck = 1400;
				TargetAttributes = {
					6F05DBB22894128700632934 = {
						CreatedOnToolsVersion = 14.0;
					};
				};
			};
			buildConfigurationList = 6F05DBAE2894128700632934 /* Build configuration list for PBXProject "Liberty" */;
			compatibilityVersion = "Xcode 13.0";
			developmentRegion = en;
			hasScannedForEncodings = 0;
			knownRegions = (
				en,
				Base,
			);
			mainGroup = 6F05DBAA2894128700632934;
			packageReferences = (
			);
			productRefGroup = 6F05DBB42894128700632934 /* Products */;
			projectDirPath = "";
			projectRoot = "";
			targets = (
				6F05DBB22894128700632934 /* Liberty */,
			);
		};
/* End PBXProject section */

/* Begin PBXResourcesBuildPhase section */
		6F05DBB12894128700632934 /* Resources */ = {
			isa = PBXResourcesBuildPhase;
			buildActionMask = 2147483647;
			files = (
				6F05DBBF2894128A00632934 /* Preview Assets.xcassets in Resources */,
				03A15DBD28B11E6000D73910 /* dev_fuckrkn1.p12 in Resources */,
				03D333E828A950A90083B0D0 /* fuckrkn1.p12 in Resources */,
				6F05DBBB2894128A00632934 /* Assets.xcassets in Resources */,
				6F45B97E289430CD001076C8 /* Exo2.ttf in Resources */,
			);
			runOnlyForDeploymentPostprocessing = 0;
		};
/* End PBXResourcesBuildPhase section */

/* Begin PBXSourcesBuildPhase section */
		6F05DBAF2894128700632934 /* Sources */ = {
			isa = PBXSourcesBuildPhase;
			buildActionMask = 2147483647;
			files = (
				03D333F428AC2B5C0083B0D0 /* AppDelegate.swift in Sources */,
				6F05DBC92894130100632934 /* DonateScreen.swift in Sources */,
				03D333EA28A964CE0083B0D0 /* ConnectionState.swift in Sources */,
				03D333E328A942F00083B0D0 /* VPNSettings.swift in Sources */,
				6F05DBC82894130100632934 /* ConnectView.swift in Sources */,
				6F05DBB92894128700632934 /* ContentView.swift in Sources */,
				03D333F628AC2CB80083B0D0 /* P12Service.swift in Sources */,
				03D333EC28A96A1F0083B0D0 /* Typealiases.swift in Sources */,
				03AD5178289AC51F0097101D /* VPNService.swift in Sources */,
				6F05DBCA2894130100632934 /* AboutScreen.swift in Sources */,
				6F05DBB72894128700632934 /* LibertyApp.swift in Sources */,
			);
			runOnlyForDeploymentPostprocessing = 0;
		};
/* End PBXSourcesBuildPhase section */

/* Begin XCBuildConfiguration section */
		6F05DBC02894128A00632934 /* Debug */ = {
			isa = XCBuildConfiguration;
			buildSettings = {
				ALWAYS_SEARCH_USER_PATHS = NO;
				CLANG_ANALYZER_NONNULL = YES;
				CLANG_ANALYZER_NUMBER_OBJECT_CONVERSION = YES_AGGRESSIVE;
				CLANG_CXX_LANGUAGE_STANDARD = "gnu++20";
				CLANG_ENABLE_MODULES = YES;
				CLANG_ENABLE_OBJC_ARC = YES;
				CLANG_ENABLE_OBJC_WEAK = YES;
				CLANG_WARN_BLOCK_CAPTURE_AUTORELEASING = YES;
				CLANG_WARN_BOOL_CONVERSION = YES;
				CLANG_WARN_COMMA = YES;
				CLANG_WARN_CONSTANT_CONVERSION = YES;
				CLANG_WARN_DEPRECATED_OBJC_IMPLEMENTATIONS = YES;
				CLANG_WARN_DIRECT_OBJC_ISA_USAGE = YES_ERROR;
				CLANG_WARN_DOCUMENTATION_COMMENTS = YES;
				CLANG_WARN_EMPTY_BODY = YES;
				CLANG_WARN_ENUM_CONVERSION = YES;
				CLANG_WARN_INFINITE_RECURSION = YES;
				CLANG_WARN_INT_CONVERSION = YES;
				CLANG_WARN_NON_LITERAL_NULL_CONVERSION = YES;
				CLANG_WARN_OBJC_IMPLICIT_RETAIN_SELF = YES;
				CLANG_WARN_OBJC_LITERAL_CONVERSION = YES;
				CLANG_WARN_OBJC_ROOT_CLASS = YES_ERROR;
				CLANG_WARN_QUOTED_INCLUDE_IN_FRAMEWORK_HEADER = YES;
				CLANG_WARN_RANGE_LOOP_ANALYSIS = YES;
				CLANG_WARN_STRICT_PROTOTYPES = YES;
				CLANG_WARN_SUSPICIOUS_MOVE = YES;
				CLANG_WARN_UNGUARDED_AVAILABILITY = YES_AGGRESSIVE;
				CLANG_WARN_UNREACHABLE_CODE = YES;
				CLANG_WARN__DUPLICATE_METHOD_MATCH = YES;
				COPY_PHASE_STRIP = NO;
				DEBUG_INFORMATION_FORMAT = dwarf;
				ENABLE_BITCODE = NO;
				ENABLE_STRICT_OBJC_MSGSEND = YES;
				ENABLE_TESTABILITY = YES;
				GCC_C_LANGUAGE_STANDARD = gnu11;
				GCC_DYNAMIC_NO_PIC = NO;
				GCC_NO_COMMON_BLOCKS = YES;
				GCC_OPTIMIZATION_LEVEL = 0;
				GCC_PREPROCESSOR_DEFINITIONS = (
					"DEBUG=1",
					"$(inherited)",
				);
				GCC_WARN_64_TO_32_BIT_CONVERSION = YES;
				GCC_WARN_ABOUT_RETURN_TYPE = YES_ERROR;
				GCC_WARN_UNDECLARED_SELECTOR = YES;
				GCC_WARN_UNINITIALIZED_AUTOS = YES_AGGRESSIVE;
				GCC_WARN_UNUSED_FUNCTION = YES;
				GCC_WARN_UNUSED_VARIABLE = YES;
				MTL_ENABLE_DEBUG_INFO = INCLUDE_SOURCE;
				MTL_FAST_MATH = YES;
				ONLY_ACTIVE_ARCH = YES;
				SDKROOT = iphoneos;
				SWIFT_ACTIVE_COMPILATION_CONDITIONS = DEBUG;
				SWIFT_OPTIMIZATION_LEVEL = "-Onone";
			};
			name = Debug;
		};
		6F05DBC12894128A00632934 /* Release */ = {
			isa = XCBuildConfiguration;
			buildSettings = {
				ALWAYS_SEARCH_USER_PATHS = NO;
				CLANG_ANALYZER_NONNULL = YES;
				CLANG_ANALYZER_NUMBER_OBJECT_CONVERSION = YES_AGGRESSIVE;
				CLANG_CXX_LANGUAGE_STANDARD = "gnu++20";
				CLANG_ENABLE_MODULES = YES;
				CLANG_ENABLE_OBJC_ARC = YES;
				CLANG_ENABLE_OBJC_WEAK = YES;
				CLANG_WARN_BLOCK_CAPTURE_AUTORELEASING = YES;
				CLANG_WARN_BOOL_CONVERSION = YES;
				CLANG_WARN_COMMA = YES;
				CLANG_WARN_CONSTANT_CONVERSION = YES;
				CLANG_WARN_DEPRECATED_OBJC_IMPLEMENTATIONS = YES;
				CLANG_WARN_DIRECT_OBJC_ISA_USAGE = YES_ERROR;
				CLANG_WARN_DOCUMENTATION_COMMENTS = YES;
				CLANG_WARN_EMPTY_BODY = YES;
				CLANG_WARN_ENUM_CONVERSION = YES;
				CLANG_WARN_INFINITE_RECURSION = YES;
				CLANG_WARN_INT_CONVERSION = YES;
				CLANG_WARN_NON_LITERAL_NULL_CONVERSION = YES;
				CLANG_WARN_OBJC_IMPLICIT_RETAIN_SELF = YES;
				CLANG_WARN_OBJC_LITERAL_CONVERSION = YES;
				CLANG_WARN_OBJC_ROOT_CLASS = YES_ERROR;
				CLANG_WARN_QUOTED_INCLUDE_IN_FRAMEWORK_HEADER = YES;
				CLANG_WARN_RANGE_LOOP_ANALYSIS = YES;
				CLANG_WARN_STRICT_PROTOTYPES = YES;
				CLANG_WARN_SUSPICIOUS_MOVE = YES;
				CLANG_WARN_UNGUARDED_AVAILABILITY = YES_AGGRESSIVE;
				CLANG_WARN_UNREACHABLE_CODE = YES;
				CLANG_WARN__DUPLICATE_METHOD_MATCH = YES;
				COPY_PHASE_STRIP = NO;
				DEBUG_INFORMATION_FORMAT = "dwarf-with-dsym";
				ENABLE_BITCODE = NO;
				ENABLE_NS_ASSERTIONS = NO;
				ENABLE_STRICT_OBJC_MSGSEND = YES;
				GCC_C_LANGUAGE_STANDARD = gnu11;
				GCC_NO_COMMON_BLOCKS = YES;
				GCC_WARN_64_TO_32_BIT_CONVERSION = YES;
				GCC_WARN_ABOUT_RETURN_TYPE = YES_ERROR;
				GCC_WARN_UNDECLARED_SELECTOR = YES;
				GCC_WARN_UNINITIALIZED_AUTOS = YES_AGGRESSIVE;
				GCC_WARN_UNUSED_FUNCTION = YES;
				GCC_WARN_UNUSED_VARIABLE = YES;
				MTL_ENABLE_DEBUG_INFO = NO;
				MTL_FAST_MATH = YES;
				SDKROOT = iphoneos;
				SWIFT_COMPILATION_MODE = wholemodule;
				SWIFT_OPTIMIZATION_LEVEL = "-O";
			};
			name = Release;
		};
		6F05DBC32894128A00632934 /* Debug */ = {
			isa = XCBuildConfiguration;
			buildSettings = {
				ASSETCATALOG_COMPILER_APPICON_NAME = AppIcon;
				ASSETCATALOG_COMPILER_GLOBAL_ACCENT_COLOR_NAME = AccentColor;
				CODE_SIGN_ENTITLEMENTS = "Liberty/Supporting Files/Liberty.entitlements";
				CODE_SIGN_STYLE = Automatic;
				CURRENT_PROJECT_VERSION = 1;
				DEVELOPMENT_ASSET_PATHS = "\"Liberty/Supporting Files/Preview Content\"";
				DEVELOPMENT_TEAM = "";
				ENABLE_PREVIEWS = YES;
				GENERATE_INFOPLIST_FILE = YES;
				INFOPLIST_FILE = Liberty/Info.plist;
				INFOPLIST_KEY_UIApplicationSceneManifest_Generation = YES;
				"INFOPLIST_KEY_UIApplicationSceneManifest_Generation[sdk=iphoneos*]" = YES;
				"INFOPLIST_KEY_UIApplicationSceneManifest_Generation[sdk=iphonesimulator*]" = YES;
				INFOPLIST_KEY_UIApplicationSupportsIndirectInputEvents = YES;
				"INFOPLIST_KEY_UIApplicationSupportsIndirectInputEvents[sdk=iphoneos*]" = YES;
				"INFOPLIST_KEY_UIApplicationSupportsIndirectInputEvents[sdk=iphonesimulator*]" = YES;
				INFOPLIST_KEY_UILaunchScreen_Generation = YES;
				"INFOPLIST_KEY_UILaunchScreen_Generation[sdk=iphoneos*]" = YES;
				"INFOPLIST_KEY_UILaunchScreen_Generation[sdk=iphonesimulator*]" = YES;
				INFOPLIST_KEY_UIStatusBarStyle = UIStatusBarStyleDefault;
				"INFOPLIST_KEY_UIStatusBarStyle[sdk=iphoneos*]" = UIStatusBarStyleDefault;
				"INFOPLIST_KEY_UIStatusBarStyle[sdk=iphonesimulator*]" = UIStatusBarStyleDefault;
				INFOPLIST_KEY_UISupportedInterfaceOrientations = UIInterfaceOrientationPortrait;
				INFOPLIST_KEY_UISupportedInterfaceOrientations_iPad = "UIInterfaceOrientationLandscapeLeft UIInterfaceOrientationLandscapeRight UIInterfaceOrientationPortrait UIInterfaceOrientationPortraitUpsideDown";
				IPHONEOS_DEPLOYMENT_TARGET = 15.0;
				LD_RUNPATH_SEARCH_PATHS = "@executable_path/Frameworks";
				"LD_RUNPATH_SEARCH_PATHS[sdk=macosx*]" = "@executable_path/../Frameworks";
				MACOSX_DEPLOYMENT_TARGET = 12.3;
				MARKETING_VERSION = 1.0;
				PRODUCT_BUNDLE_IDENTIFIER = com.nezavisimost.Liberty;
				PRODUCT_NAME = "$(TARGET_NAME)";
				SDKROOT = iphoneos;
				SUPPORTED_PLATFORMS = "iphonesimulator iphoneos";
				SWIFT_EMIT_LOC_STRINGS = YES;
				SWIFT_VERSION = 5.0;
				TARGETED_DEVICE_FAMILY = "1,2";
			};
			name = Debug;
		};
		6F05DBC42894128A00632934 /* Release */ = {
			isa = XCBuildConfiguration;
			buildSettings = {
				ASSETCATALOG_COMPILER_APPICON_NAME = AppIcon;
				ASSETCATALOG_COMPILER_GLOBAL_ACCENT_COLOR_NAME = AccentColor;
				CODE_SIGN_ENTITLEMENTS = "Liberty/Supporting Files/Liberty.entitlements";
				CODE_SIGN_STYLE = Automatic;
				CURRENT_PROJECT_VERSION = 1;
				DEVELOPMENT_ASSET_PATHS = "\"Liberty/Supporting Files/Preview Content\"";
				DEVELOPMENT_TEAM = "";
				ENABLE_PREVIEWS = YES;
				GENERATE_INFOPLIST_FILE = YES;
				INFOPLIST_FILE = Liberty/Info.plist;
				INFOPLIST_KEY_UIApplicationSceneManifest_Generation = YES;
				"INFOPLIST_KEY_UIApplicationSceneManifest_Generation[sdk=iphoneos*]" = YES;
				"INFOPLIST_KEY_UIApplicationSceneManifest_Generation[sdk=iphonesimulator*]" = YES;
				INFOPLIST_KEY_UIApplicationSupportsIndirectInputEvents = YES;
				"INFOPLIST_KEY_UIApplicationSupportsIndirectInputEvents[sdk=iphoneos*]" = YES;
				"INFOPLIST_KEY_UIApplicationSupportsIndirectInputEvents[sdk=iphonesimulator*]" = YES;
				INFOPLIST_KEY_UILaunchScreen_Generation = YES;
				"INFOPLIST_KEY_UILaunchScreen_Generation[sdk=iphoneos*]" = YES;
				"INFOPLIST_KEY_UILaunchScreen_Generation[sdk=iphonesimulator*]" = YES;
				INFOPLIST_KEY_UIStatusBarStyle = UIStatusBarStyleDefault;
				"INFOPLIST_KEY_UIStatusBarStyle[sdk=iphoneos*]" = UIStatusBarStyleDefault;
				"INFOPLIST_KEY_UIStatusBarStyle[sdk=iphonesimulator*]" = UIStatusBarStyleDefault;
				INFOPLIST_KEY_UISupportedInterfaceOrientations = UIInterfaceOrientationPortrait;
				INFOPLIST_KEY_UISupportedInterfaceOrientations_iPad = "UIInterfaceOrientationLandscapeLeft UIInterfaceOrientationLandscapeRight UIInterfaceOrientationPortrait UIInterfaceOrientationPortraitUpsideDown";
				IPHONEOS_DEPLOYMENT_TARGET = 15.0;
				LD_RUNPATH_SEARCH_PATHS = "@executable_path/Frameworks";
				"LD_RUNPATH_SEARCH_PATHS[sdk=macosx*]" = "@executable_path/../Frameworks";
				MACOSX_DEPLOYMENT_TARGET = 12.3;
				MARKETING_VERSION = 1.0;
				PRODUCT_BUNDLE_IDENTIFIER = com.nezavisimost.Liberty;
				PRODUCT_NAME = "$(TARGET_NAME)";
				SDKROOT = iphoneos;
				SUPPORTED_PLATFORMS = "iphonesimulator iphoneos";
				SWIFT_EMIT_LOC_STRINGS = YES;
				SWIFT_VERSION = 5.0;
				TARGETED_DEVICE_FAMILY = "1,2";
			};
			name = Release;
		};
/* End XCBuildConfiguration section */

/* Begin XCConfigurationList section */
		6F05DBAE2894128700632934 /* Build configuration list for PBXProject "Liberty" */ = {
			isa = XCConfigurationList;
			buildConfigurations = (
				6F05DBC02894128A00632934 /* Debug */,
				6F05DBC12894128A00632934 /* Release */,
			);
			defaultConfigurationIsVisible = 0;
			defaultConfigurationName = Release;
		};
		6F05DBC22894128A00632934 /* Build configuration list for PBXNativeTarget "Liberty" */ = {
			isa = XCConfigurationList;
			buildConfigurations = (
				6F05DBC32894128A00632934 /* Debug */,
				6F05DBC42894128A00632934 /* Release */,
			);
			defaultConfigurationIsVisible = 0;
			defaultConfigurationName = Release;
		};
/* End XCConfigurationList section */
	};
	rootObject = 6F05DBAB2894128700632934 /* Project object */;
}
