// !$*UTF8*$!
{
	archiveVersion = 1;
	classes = {
	};
	objectVersion = 55;
	objects = {

/* Begin PBXBuildFile section */
		03507E6E28F3A8A6004D0D0F /* Assets.xcassets in Resources */ = {isa = PBXBuildFile; fileRef = 03B33D2328F1DB31006F7BB3 /* Assets.xcassets */; };
		03507E6F28F3A923004D0D0F /* Exo2.ttf in Resources */ = {isa = PBXBuildFile; fileRef = 6F45B97D289430CD001076C8 /* Exo2.ttf */; };
		03507E7428F3B215004D0D0F /* DeeplinkParser.swift in Sources */ = {isa = PBXBuildFile; fileRef = 03507E7328F3B215004D0D0F /* DeeplinkParser.swift */; };
		03507E9D28F3B954004D0D0F /* Defaults.swift in Sources */ = {isa = PBXBuildFile; fileRef = 03507E9C28F3B954004D0D0F /* Defaults.swift */; };
		03507E9E28F3B959004D0D0F /* Defaults.swift in Sources */ = {isa = PBXBuildFile; fileRef = 03507E9C28F3B954004D0D0F /* Defaults.swift */; };
		03507EA128F40E78004D0D0F /* Delay.swift in Sources */ = {isa = PBXBuildFile; fileRef = 03507EA028F40E78004D0D0F /* Delay.swift */; };
		03507EA228F40E78004D0D0F /* Delay.swift in Sources */ = {isa = PBXBuildFile; fileRef = 03507EA028F40E78004D0D0F /* Delay.swift */; };
		03507EA428F4BAC9004D0D0F /* WidgetUtils.swift in Sources */ = {isa = PBXBuildFile; fileRef = 03507EA328F4BAC9004D0D0F /* WidgetUtils.swift */; };
		03507EA728F4BBDD004D0D0F /* WidgetContent.swift in Sources */ = {isa = PBXBuildFile; fileRef = 03507EA628F4BBDD004D0D0F /* WidgetContent.swift */; };
		03A15DBD28B11E6000D73910 /* dev_fuckrkn1.p12 in Resources */ = {isa = PBXBuildFile; fileRef = 03A15DBC28B11E6000D73910 /* dev_fuckrkn1.p12 */; };
		03AD5178289AC51F0097101D /* WireGuardService.swift in Sources */ = {isa = PBXBuildFile; fileRef = 03AD5177289AC51F0097101D /* WireGuardService.swift */; };
		03B33D1C28F1DB30006F7BB3 /* WidgetKit.framework in Frameworks */ = {isa = PBXBuildFile; fileRef = 03B33D1B28F1DB30006F7BB3 /* WidgetKit.framework */; };
		03B33D1E28F1DB30006F7BB3 /* SwiftUI.framework in Frameworks */ = {isa = PBXBuildFile; fileRef = 03B33D1D28F1DB30006F7BB3 /* SwiftUI.framework */; };
		03B33D2128F1DB30006F7BB3 /* VPN_Widget.swift in Sources */ = {isa = PBXBuildFile; fileRef = 03B33D2028F1DB30006F7BB3 /* VPN_Widget.swift */; };
		03B33D2628F1DB31006F7BB3 /* VPN_Widget.intentdefinition in Sources */ = {isa = PBXBuildFile; fileRef = 03B33D2228F1DB30006F7BB3 /* VPN_Widget.intentdefinition */; };
		03B33D2728F1DB31006F7BB3 /* VPN_Widget.intentdefinition in Sources */ = {isa = PBXBuildFile; fileRef = 03B33D2228F1DB30006F7BB3 /* VPN_Widget.intentdefinition */; };
		03B33D2A28F1DB31006F7BB3 /* VPN WidgetExtension.appex in Embed App Extensions */ = {isa = PBXBuildFile; fileRef = 03B33D1928F1DB30006F7BB3 /* VPN WidgetExtension.appex */; settings = {ATTRIBUTES = (RemoveHeadersOnCopy, ); }; };
		03BDDE6929152C6C0026B1E4 /* Configuration.swift in Sources */ = {isa = PBXBuildFile; fileRef = 03BDDE6829152C6C0026B1E4 /* Configuration.swift */; };
		03CDC18A291323510099DE5F /* NetworkExtension.framework in Frameworks */ = {isa = PBXBuildFile; fileRef = 03CDC189291323510099DE5F /* NetworkExtension.framework */; };
		03CDC192291323510099DE5F /* WireGuard Network Extension iOS.appex in Embed App Extensions */ = {isa = PBXBuildFile; fileRef = 03CDC188291323510099DE5F /* WireGuard Network Extension iOS.appex */; settings = {ATTRIBUTES = (RemoveHeadersOnCopy, ); }; };
		03CDC1A3291349F50099DE5F /* TunnelKit in Frameworks */ = {isa = PBXBuildFile; productRef = 03CDC1A2291349F50099DE5F /* TunnelKit */; };
		03CDC1A5291349F50099DE5F /* TunnelKitWireGuard in Frameworks */ = {isa = PBXBuildFile; productRef = 03CDC1A4291349F50099DE5F /* TunnelKitWireGuard */; };
		03CDC1A729134A000099DE5F /* TunnelKit in Frameworks */ = {isa = PBXBuildFile; productRef = 03CDC1A629134A000099DE5F /* TunnelKit */; };
		03CDC1A929134A000099DE5F /* TunnelKitWireGuard in Frameworks */ = {isa = PBXBuildFile; productRef = 03CDC1A829134A000099DE5F /* TunnelKitWireGuard */; };
		03D333E328A942F00083B0D0 /* VPNSettings.swift in Sources */ = {isa = PBXBuildFile; fileRef = 03D333E228A942F00083B0D0 /* VPNSettings.swift */; };
		03D333E828A950A90083B0D0 /* fuckrkn1.p12 in Resources */ = {isa = PBXBuildFile; fileRef = 03D333E728A950A90083B0D0 /* fuckrkn1.p12 */; };
		03D333EC28A96A1F0083B0D0 /* Typealiases.swift in Sources */ = {isa = PBXBuildFile; fileRef = 03D333EB28A96A1F0083B0D0 /* Typealiases.swift */; };
		03D333F428AC2B5C0083B0D0 /* AppDelegate.swift in Sources */ = {isa = PBXBuildFile; fileRef = 03D333F328AC2B5C0083B0D0 /* AppDelegate.swift */; };
		03D333F628AC2CB80083B0D0 /* P12Service.swift in Sources */ = {isa = PBXBuildFile; fileRef = 03D333F528AC2CB80083B0D0 /* P12Service.swift */; };
		03E866D2291533D4002F3E6B /* TunnelKitWireGuardAppExtension in Frameworks */ = {isa = PBXBuildFile; productRef = 03E866D1291533D4002F3E6B /* TunnelKitWireGuardAppExtension */; };
		03E866D4291533DB002F3E6B /* TunnelKitWireGuardAppExtension in Frameworks */ = {isa = PBXBuildFile; productRef = 03E866D3291533DB002F3E6B /* TunnelKitWireGuardAppExtension */; };
		03E866D729153B20002F3E6B /* PacketTunnelProvider.swift in Sources */ = {isa = PBXBuildFile; fileRef = 03CDC18C291323510099DE5F /* PacketTunnelProvider.swift */; };
		03E866DA2915E4EB002F3E6B /* VPNService.swift in Sources */ = {isa = PBXBuildFile; fileRef = 03E866D92915E4EB002F3E6B /* VPNService.swift */; };
		03E866DD2915E63D002F3E6B /* VPNStatus+Extensions.swift in Sources */ = {isa = PBXBuildFile; fileRef = 03E866DC2915E63D002F3E6B /* VPNStatus+Extensions.swift */; };
		03E866E12915E6B1002F3E6B /* TunnelKit in Frameworks */ = {isa = PBXBuildFile; productRef = 03E866E02915E6B1002F3E6B /* TunnelKit */; };
		03E866E32915E6B1002F3E6B /* TunnelKitWireGuard in Frameworks */ = {isa = PBXBuildFile; productRef = 03E866E22915E6B1002F3E6B /* TunnelKitWireGuard */; };
		03E866E52915E6B1002F3E6B /* TunnelKitWireGuardAppExtension in Frameworks */ = {isa = PBXBuildFile; productRef = 03E866E42915E6B1002F3E6B /* TunnelKitWireGuardAppExtension */; };
		03E866E82915E7C8002F3E6B /* VPNStatus+Extensions.swift in Sources */ = {isa = PBXBuildFile; fileRef = 03E866E72915E7C8002F3E6B /* VPNStatus+Extensions.swift */; };
		03E866EA29167140002F3E6B /* String+Extensions.swift in Sources */ = {isa = PBXBuildFile; fileRef = 03E866E929167140002F3E6B /* String+Extensions.swift */; };
		6F05DBB72894128700632934 /* LibertyApp.swift in Sources */ = {isa = PBXBuildFile; fileRef = 6F05DBB62894128700632934 /* LibertyApp.swift */; };
		6F05DBB92894128700632934 /* ContentView.swift in Sources */ = {isa = PBXBuildFile; fileRef = 6F05DBB82894128700632934 /* ContentView.swift */; };
		6F05DBBB2894128A00632934 /* Assets.xcassets in Resources */ = {isa = PBXBuildFile; fileRef = 6F05DBBA2894128A00632934 /* Assets.xcassets */; };
		6F05DBBF2894128A00632934 /* Preview Assets.xcassets in Resources */ = {isa = PBXBuildFile; fileRef = 6F05DBBE2894128A00632934 /* Preview Assets.xcassets */; };
		6F05DBC82894130100632934 /* ConnectView.swift in Sources */ = {isa = PBXBuildFile; fileRef = 6F05DBC52894130100632934 /* ConnectView.swift */; };
		6F05DBC92894130100632934 /* DonateScreen.swift in Sources */ = {isa = PBXBuildFile; fileRef = 6F05DBC62894130100632934 /* DonateScreen.swift */; };
		6F05DBCA2894130100632934 /* AboutScreen.swift in Sources */ = {isa = PBXBuildFile; fileRef = 6F05DBC72894130100632934 /* AboutScreen.swift */; };
		6F45B97E289430CD001076C8 /* Exo2.ttf in Resources */ = {isa = PBXBuildFile; fileRef = 6F45B97D289430CD001076C8 /* Exo2.ttf */; };
/* End PBXBuildFile section */

/* Begin PBXContainerItemProxy section */
		03B33D2828F1DB31006F7BB3 /* PBXContainerItemProxy */ = {
			isa = PBXContainerItemProxy;
			containerPortal = 6F05DBAB2894128700632934 /* Project object */;
			proxyType = 1;
			remoteGlobalIDString = 03B33D1828F1DB30006F7BB3;
			remoteInfo = "VPN WidgetExtension";
		};
		03CDC190291323510099DE5F /* PBXContainerItemProxy */ = {
			isa = PBXContainerItemProxy;
			containerPortal = 6F05DBAB2894128700632934 /* Project object */;
			proxyType = 1;
			remoteGlobalIDString = 03CDC187291323510099DE5F;
			remoteInfo = "Network Extension";
		};
		03CDC1A0291349F00099DE5F /* PBXContainerItemProxy */ = {
			isa = PBXContainerItemProxy;
			containerPortal = 6F05DBAB2894128700632934 /* Project object */;
			proxyType = 1;
			remoteGlobalIDString = 03CDC196291323F20099DE5F;
			remoteInfo = WireGuardBridgeiOS;
		};
		03E866DE2915E6A9002F3E6B /* PBXContainerItemProxy */ = {
			isa = PBXContainerItemProxy;
			containerPortal = 6F05DBAB2894128700632934 /* Project object */;
			proxyType = 1;
			remoteGlobalIDString = 03CDC187291323510099DE5F;
			remoteInfo = "WireGuard Network Extension iOS";
		};
/* End PBXContainerItemProxy section */

/* Begin PBXCopyFilesBuildPhase section */
		03A15DB228B10F9D00D73910 /* Embed App Extensions */ = {
			isa = PBXCopyFilesBuildPhase;
			buildActionMask = 2147483647;
			dstPath = "";
			dstSubfolderSpec = 13;
			files = (
				03CDC192291323510099DE5F /* WireGuard Network Extension iOS.appex in Embed App Extensions */,
				03B33D2A28F1DB31006F7BB3 /* VPN WidgetExtension.appex in Embed App Extensions */,
			);
			name = "Embed App Extensions";
			runOnlyForDeploymentPostprocessing = 0;
		};
/* End PBXCopyFilesBuildPhase section */

/* Begin PBXFileReference section */
		03507E7328F3B215004D0D0F /* DeeplinkParser.swift */ = {isa = PBXFileReference; lastKnownFileType = sourcecode.swift; path = DeeplinkParser.swift; sourceTree = "<group>"; };
		03507E9C28F3B954004D0D0F /* Defaults.swift */ = {isa = PBXFileReference; lastKnownFileType = sourcecode.swift; path = Defaults.swift; sourceTree = "<group>"; };
		03507EA028F40E78004D0D0F /* Delay.swift */ = {isa = PBXFileReference; lastKnownFileType = sourcecode.swift; path = Delay.swift; sourceTree = "<group>"; };
		03507EA328F4BAC9004D0D0F /* WidgetUtils.swift */ = {isa = PBXFileReference; lastKnownFileType = sourcecode.swift; path = WidgetUtils.swift; sourceTree = "<group>"; };
		03507EA628F4BBDD004D0D0F /* WidgetContent.swift */ = {isa = PBXFileReference; lastKnownFileType = sourcecode.swift; path = WidgetContent.swift; sourceTree = "<group>"; };
		03A15DBC28B11E6000D73910 /* dev_fuckrkn1.p12 */ = {isa = PBXFileReference; lastKnownFileType = file; path = dev_fuckrkn1.p12; sourceTree = "<group>"; };
		03AD5177289AC51F0097101D /* WireGuardService.swift */ = {isa = PBXFileReference; lastKnownFileType = sourcecode.swift; path = WireGuardService.swift; sourceTree = "<group>"; };
		03B33D1928F1DB30006F7BB3 /* VPN WidgetExtension.appex */ = {isa = PBXFileReference; explicitFileType = "wrapper.app-extension"; includeInIndex = 0; path = "VPN WidgetExtension.appex"; sourceTree = BUILT_PRODUCTS_DIR; };
		03B33D1B28F1DB30006F7BB3 /* WidgetKit.framework */ = {isa = PBXFileReference; lastKnownFileType = wrapper.framework; name = WidgetKit.framework; path = System/Library/Frameworks/WidgetKit.framework; sourceTree = SDKROOT; };
		03B33D1D28F1DB30006F7BB3 /* SwiftUI.framework */ = {isa = PBXFileReference; lastKnownFileType = wrapper.framework; name = SwiftUI.framework; path = System/Library/Frameworks/SwiftUI.framework; sourceTree = SDKROOT; };
		03B33D2028F1DB30006F7BB3 /* VPN_Widget.swift */ = {isa = PBXFileReference; lastKnownFileType = sourcecode.swift; path = VPN_Widget.swift; sourceTree = "<group>"; };
		03B33D2228F1DB30006F7BB3 /* VPN_Widget.intentdefinition */ = {isa = PBXFileReference; lastKnownFileType = file.intentdefinition; path = VPN_Widget.intentdefinition; sourceTree = "<group>"; };
		03B33D2328F1DB31006F7BB3 /* Assets.xcassets */ = {isa = PBXFileReference; lastKnownFileType = folder.assetcatalog; path = Assets.xcassets; sourceTree = "<group>"; };
		03B33D2528F1DB31006F7BB3 /* Info.plist */ = {isa = PBXFileReference; lastKnownFileType = text.plist.xml; path = Info.plist; sourceTree = "<group>"; };
		03BDDE6829152C6C0026B1E4 /* Configuration.swift */ = {isa = PBXFileReference; lastKnownFileType = sourcecode.swift; path = Configuration.swift; sourceTree = "<group>"; };
		03CDC188291323510099DE5F /* WireGuard Network Extension iOS.appex */ = {isa = PBXFileReference; explicitFileType = "wrapper.app-extension"; includeInIndex = 0; path = "WireGuard Network Extension iOS.appex"; sourceTree = BUILT_PRODUCTS_DIR; };
		03CDC189291323510099DE5F /* NetworkExtension.framework */ = {isa = PBXFileReference; lastKnownFileType = wrapper.framework; name = NetworkExtension.framework; path = System/Library/Frameworks/NetworkExtension.framework; sourceTree = SDKROOT; };
		03CDC18C291323510099DE5F /* PacketTunnelProvider.swift */ = {isa = PBXFileReference; lastKnownFileType = sourcecode.swift; path = PacketTunnelProvider.swift; sourceTree = "<group>"; };
		03CDC18E291323510099DE5F /* Info.plist */ = {isa = PBXFileReference; lastKnownFileType = text.plist.xml; path = Info.plist; sourceTree = "<group>"; };
		03D333E228A942F00083B0D0 /* VPNSettings.swift */ = {isa = PBXFileReference; lastKnownFileType = sourcecode.swift; path = VPNSettings.swift; sourceTree = "<group>"; };
		03D333E728A950A90083B0D0 /* fuckrkn1.p12 */ = {isa = PBXFileReference; lastKnownFileType = file; path = fuckrkn1.p12; sourceTree = "<group>"; };
		03D333EB28A96A1F0083B0D0 /* Typealiases.swift */ = {isa = PBXFileReference; lastKnownFileType = sourcecode.swift; path = Typealiases.swift; sourceTree = "<group>"; };
		03D333F328AC2B5C0083B0D0 /* AppDelegate.swift */ = {isa = PBXFileReference; lastKnownFileType = sourcecode.swift; path = AppDelegate.swift; sourceTree = "<group>"; };
		03D333F528AC2CB80083B0D0 /* P12Service.swift */ = {isa = PBXFileReference; lastKnownFileType = sourcecode.swift; path = P12Service.swift; sourceTree = "<group>"; };
		03E866D529153A46002F3E6B /* VPN WidgetExtension.entitlements */ = {isa = PBXFileReference; fileEncoding = 4; lastKnownFileType = text.plist.entitlements; path = "VPN WidgetExtension.entitlements"; sourceTree = "<group>"; };
		03E866D92915E4EB002F3E6B /* VPNService.swift */ = {isa = PBXFileReference; lastKnownFileType = sourcecode.swift; path = VPNService.swift; sourceTree = "<group>"; };
		03E866DC2915E63D002F3E6B /* VPNStatus+Extensions.swift */ = {isa = PBXFileReference; lastKnownFileType = sourcecode.swift; path = "VPNStatus+Extensions.swift"; sourceTree = "<group>"; };
		03E866E72915E7C8002F3E6B /* VPNStatus+Extensions.swift */ = {isa = PBXFileReference; lastKnownFileType = sourcecode.swift; path = "VPNStatus+Extensions.swift"; sourceTree = "<group>"; };
		03E866E929167140002F3E6B /* String+Extensions.swift */ = {isa = PBXFileReference; lastKnownFileType = sourcecode.swift; path = "String+Extensions.swift"; sourceTree = "<group>"; };
		03E866EB29168834002F3E6B /* WireGuard Network Extension iOS.entitlements */ = {isa = PBXFileReference; lastKnownFileType = text.plist.entitlements; path = "WireGuard Network Extension iOS.entitlements"; sourceTree = "<group>"; };
		6F05DBB32894128700632934 /* Liberty.app */ = {isa = PBXFileReference; explicitFileType = wrapper.application; includeInIndex = 0; path = Liberty.app; sourceTree = BUILT_PRODUCTS_DIR; };
		6F05DBB62894128700632934 /* LibertyApp.swift */ = {isa = PBXFileReference; lastKnownFileType = sourcecode.swift; path = LibertyApp.swift; sourceTree = "<group>"; };
		6F05DBB82894128700632934 /* ContentView.swift */ = {isa = PBXFileReference; lastKnownFileType = sourcecode.swift; path = ContentView.swift; sourceTree = "<group>"; };
		6F05DBBA2894128A00632934 /* Assets.xcassets */ = {isa = PBXFileReference; lastKnownFileType = folder.assetcatalog; path = Assets.xcassets; sourceTree = "<group>"; };
		6F05DBBC2894128A00632934 /* Liberty.entitlements */ = {isa = PBXFileReference; lastKnownFileType = text.plist.entitlements; path = Liberty.entitlements; sourceTree = "<group>"; };
		6F05DBBE2894128A00632934 /* Preview Assets.xcassets */ = {isa = PBXFileReference; lastKnownFileType = folder.assetcatalog; path = "Preview Assets.xcassets"; sourceTree = "<group>"; };
		6F05DBC52894130100632934 /* ConnectView.swift */ = {isa = PBXFileReference; fileEncoding = 4; lastKnownFileType = sourcecode.swift; path = ConnectView.swift; sourceTree = "<group>"; };
		6F05DBC62894130100632934 /* DonateScreen.swift */ = {isa = PBXFileReference; fileEncoding = 4; lastKnownFileType = sourcecode.swift; path = DonateScreen.swift; sourceTree = "<group>"; };
		6F05DBC72894130100632934 /* AboutScreen.swift */ = {isa = PBXFileReference; fileEncoding = 4; lastKnownFileType = sourcecode.swift; path = AboutScreen.swift; sourceTree = "<group>"; };
		6F45B97D289430CD001076C8 /* Exo2.ttf */ = {isa = PBXFileReference; lastKnownFileType = file; path = Exo2.ttf; sourceTree = "<group>"; };
		6F45B97F289433E5001076C8 /* Info.plist */ = {isa = PBXFileReference; lastKnownFileType = text.plist; path = Info.plist; sourceTree = "<group>"; };
/* End PBXFileReference section */

/* Begin PBXFrameworksBuildPhase section */
		03B33D1628F1DB30006F7BB3 /* Frameworks */ = {
			isa = PBXFrameworksBuildPhase;
			buildActionMask = 2147483647;
			files = (
				03E866E12915E6B1002F3E6B /* TunnelKit in Frameworks */,
				03B33D1E28F1DB30006F7BB3 /* SwiftUI.framework in Frameworks */,
				03E866E52915E6B1002F3E6B /* TunnelKitWireGuardAppExtension in Frameworks */,
				03E866E32915E6B1002F3E6B /* TunnelKitWireGuard in Frameworks */,
				03B33D1C28F1DB30006F7BB3 /* WidgetKit.framework in Frameworks */,
			);
			runOnlyForDeploymentPostprocessing = 0;
		};
		03CDC185291323510099DE5F /* Frameworks */ = {
			isa = PBXFrameworksBuildPhase;
			buildActionMask = 2147483647;
			files = (
				03E866D4291533DB002F3E6B /* TunnelKitWireGuardAppExtension in Frameworks */,
				03CDC18A291323510099DE5F /* NetworkExtension.framework in Frameworks */,
				03CDC1A5291349F50099DE5F /* TunnelKitWireGuard in Frameworks */,
				03CDC1A3291349F50099DE5F /* TunnelKit in Frameworks */,
			);
			runOnlyForDeploymentPostprocessing = 0;
		};
		6F05DBB02894128700632934 /* Frameworks */ = {
			isa = PBXFrameworksBuildPhase;
			buildActionMask = 2147483647;
			files = (
				03CDC1A929134A000099DE5F /* TunnelKitWireGuard in Frameworks */,
				03CDC1A729134A000099DE5F /* TunnelKit in Frameworks */,
				03E866D2291533D4002F3E6B /* TunnelKitWireGuardAppExtension in Frameworks */,
			);
			runOnlyForDeploymentPostprocessing = 0;
		};
/* End PBXFrameworksBuildPhase section */

/* Begin PBXGroup section */
		03507E9B28F3B849004D0D0F /* Entitlements */ = {
			isa = PBXGroup;
			children = (
				6F05DBBC2894128A00632934 /* Liberty.entitlements */,
				03E866D529153A46002F3E6B /* VPN WidgetExtension.entitlements */,
				03E866EB29168834002F3E6B /* WireGuard Network Extension iOS.entitlements */,
			);
			path = Entitlements;
			sourceTree = "<group>";
		};
		03507E9F28F40CAF004D0D0F /* Utils */ = {
			isa = PBXGroup;
			children = (
				03507E9C28F3B954004D0D0F /* Defaults.swift */,
				03507EA028F40E78004D0D0F /* Delay.swift */,
			);
			path = Utils;
			sourceTree = "<group>";
		};
		03507EAA28F4C411004D0D0F /* Models */ = {
			isa = PBXGroup;
			children = (
				03507EA328F4BAC9004D0D0F /* WidgetUtils.swift */,
				03507EA628F4BBDD004D0D0F /* WidgetContent.swift */,
			);
			path = Models;
			sourceTree = "<group>";
		};
		03A15DBA28B11DAD00D73910 /* Debug */ = {
			isa = PBXGroup;
			children = (
				03A15DBC28B11E6000D73910 /* dev_fuckrkn1.p12 */,
			);
			path = Debug;
			sourceTree = "<group>";
		};
		03A15DBB28B11DB800D73910 /* Release */ = {
			isa = PBXGroup;
			children = (
				03D333E728A950A90083B0D0 /* fuckrkn1.p12 */,
			);
			path = Release;
			sourceTree = "<group>";
		};
		03AD5173289AC2080097101D /* VPN */ = {
			isa = PBXGroup;
			children = (
				03D333E228A942F00083B0D0 /* VPNSettings.swift */,
				03BDDE6A29152D280026B1E4 /* WireGuard */,
				03E866D82915E2EE002F3E6B /* IKEv2 */,
			);
			path = VPN;
			sourceTree = "<group>";
		};
		03AD5174289AC2120097101D /* Modules */ = {
			isa = PBXGroup;
			children = (
				03AD5173289AC2080097101D /* VPN */,
				03507E7328F3B215004D0D0F /* DeeplinkParser.swift */,
			);
			path = Modules;
			sourceTree = "<group>";
		};
		03AD5179289AC6E30097101D /* Models */ = {
			isa = PBXGroup;
			children = (
				03D333EB28A96A1F0083B0D0 /* Typealiases.swift */,
			);
			path = Models;
			sourceTree = "<group>";
		};
		03B33D1A28F1DB30006F7BB3 /* Frameworks */ = {
			isa = PBXGroup;
			children = (
				03B33D1B28F1DB30006F7BB3 /* WidgetKit.framework */,
				03B33D1D28F1DB30006F7BB3 /* SwiftUI.framework */,
				03CDC189291323510099DE5F /* NetworkExtension.framework */,
			);
			name = Frameworks;
			sourceTree = "<group>";
		};
		03B33D1F28F1DB30006F7BB3 /* VPN Widget */ = {
			isa = PBXGroup;
			children = (
				03B33D2028F1DB30006F7BB3 /* VPN_Widget.swift */,
				03B33D2228F1DB30006F7BB3 /* VPN_Widget.intentdefinition */,
				03E866DB2915E627002F3E6B /* Extensions */,
				03507EAA28F4C411004D0D0F /* Models */,
				03B33D2328F1DB31006F7BB3 /* Assets.xcassets */,
				03B33D2528F1DB31006F7BB3 /* Info.plist */,
			);
			path = "VPN Widget";
			sourceTree = "<group>";
		};
		03BDDE6A29152D280026B1E4 /* WireGuard */ = {
			isa = PBXGroup;
			children = (
				03AD5177289AC51F0097101D /* WireGuardService.swift */,
				03BDDE6829152C6C0026B1E4 /* Configuration.swift */,
			);
			path = WireGuard;
			sourceTree = "<group>";
		};
		03CDC18B291323510099DE5F /* Network Extension */ = {
			isa = PBXGroup;
			children = (
				03CDC18E291323510099DE5F /* Info.plist */,
				03CDC18C291323510099DE5F /* PacketTunnelProvider.swift */,
			);
			path = "Network Extension";
			sourceTree = "<group>";
		};
		03D333DC28A916010083B0D0 /* Supporting Files */ = {
			isa = PBXGroup;
			children = (
				03D333F328AC2B5C0083B0D0 /* AppDelegate.swift */,
				03507E9B28F3B849004D0D0F /* Entitlements */,
				6F05DBBA2894128A00632934 /* Assets.xcassets */,
				6F05DBBD2894128A00632934 /* Preview Content */,
				03D333E628A950920083B0D0 /* Keys */,
				6F45B97728942FE0001076C8 /* Fonts */,
			);
			path = "Supporting Files";
			sourceTree = "<group>";
		};
		03D333E628A950920083B0D0 /* Keys */ = {
			isa = PBXGroup;
			children = (
				03A15DBB28B11DB800D73910 /* Release */,
				03A15DBA28B11DAD00D73910 /* Debug */,
			);
			path = Keys;
			sourceTree = "<group>";
		};
		03E866D82915E2EE002F3E6B /* IKEv2 */ = {
			isa = PBXGroup;
			children = (
				03E866D92915E4EB002F3E6B /* VPNService.swift */,
				03D333F528AC2CB80083B0D0 /* P12Service.swift */,
			);
			path = IKEv2;
			sourceTree = "<group>";
		};
		03E866DB2915E627002F3E6B /* Extensions */ = {
			isa = PBXGroup;
			children = (
				03E866DC2915E63D002F3E6B /* VPNStatus+Extensions.swift */,
			);
			path = Extensions;
			sourceTree = "<group>";
		};
		03E866E62915E7A9002F3E6B /* Extensions */ = {
			isa = PBXGroup;
			children = (
				03E866E72915E7C8002F3E6B /* VPNStatus+Extensions.swift */,
				03E866E929167140002F3E6B /* String+Extensions.swift */,
			);
			path = Extensions;
			sourceTree = "<group>";
		};
		6F05DBAA2894128700632934 = {
			isa = PBXGroup;
			children = (
				6F05DBB52894128700632934 /* Liberty */,
				03B33D1F28F1DB30006F7BB3 /* VPN Widget */,
				03CDC18B291323510099DE5F /* Network Extension */,
				03B33D1A28F1DB30006F7BB3 /* Frameworks */,
				6F05DBB42894128700632934 /* Products */,
			);
			sourceTree = "<group>";
		};
		6F05DBB42894128700632934 /* Products */ = {
			isa = PBXGroup;
			children = (
				6F05DBB32894128700632934 /* Liberty.app */,
				03B33D1928F1DB30006F7BB3 /* VPN WidgetExtension.appex */,
				03CDC188291323510099DE5F /* WireGuard Network Extension iOS.appex */,
			);
			name = Products;
			sourceTree = "<group>";
		};
		6F05DBB52894128700632934 /* Liberty */ = {
			isa = PBXGroup;
			children = (
				03507E9F28F40CAF004D0D0F /* Utils */,
				6F45B97F289433E5001076C8 /* Info.plist */,
				6F05DBB62894128700632934 /* LibertyApp.swift */,
				6F45B97628942FCC001076C8 /* UI */,
				03E866E62915E7A9002F3E6B /* Extensions */,
				03AD5179289AC6E30097101D /* Models */,
				03AD5174289AC2120097101D /* Modules */,
				03D333DC28A916010083B0D0 /* Supporting Files */,
			);
			path = Liberty;
			sourceTree = "<group>";
		};
		6F05DBBD2894128A00632934 /* Preview Content */ = {
			isa = PBXGroup;
			children = (
				6F05DBBE2894128A00632934 /* Preview Assets.xcassets */,
			);
			path = "Preview Content";
			sourceTree = "<group>";
		};
		6F45B97628942FCC001076C8 /* UI */ = {
			isa = PBXGroup;
			children = (
				6F05DBB82894128700632934 /* ContentView.swift */,
				6F05DBC52894130100632934 /* ConnectView.swift */,
				6F05DBC72894130100632934 /* AboutScreen.swift */,
				6F05DBC62894130100632934 /* DonateScreen.swift */,
			);
			path = UI;
			sourceTree = "<group>";
		};
		6F45B97728942FE0001076C8 /* Fonts */ = {
			isa = PBXGroup;
			children = (
				6F45B97D289430CD001076C8 /* Exo2.ttf */,
			);
			path = Fonts;
			sourceTree = "<group>";
		};
/* End PBXGroup section */

/* Begin PBXLegacyTarget section */
		03CDC196291323F20099DE5F /* WireGuardBridgeiOS */ = {
			isa = PBXLegacyTarget;
			buildArgumentsString = "$(ACTION)";
			buildConfigurationList = 03CDC197291323F20099DE5F /* Build configuration list for PBXLegacyTarget "WireGuardBridgeiOS" */;
			buildPhases = (
			);
			buildToolPath = "$(PROJECT_DIR)/Liberty/Supporting Files/Scripts/build_wireguard_go_bridge.sh";
			buildWorkingDirectory = "";
			dependencies = (
			);
			name = WireGuardBridgeiOS;
			passBuildSettingsInEnvironment = 1;
			productName = WireGuardBridgeiOS;
		};
/* End PBXLegacyTarget section */

/* Begin PBXNativeTarget section */
		03B33D1828F1DB30006F7BB3 /* VPN WidgetExtension */ = {
			isa = PBXNativeTarget;
			buildConfigurationList = 03B33D2D28F1DB31006F7BB3 /* Build configuration list for PBXNativeTarget "VPN WidgetExtension" */;
			buildPhases = (
				03B33D1528F1DB30006F7BB3 /* Sources */,
				03B33D1628F1DB30006F7BB3 /* Frameworks */,
				03B33D1728F1DB30006F7BB3 /* Resources */,
			);
			buildRules = (
			);
			dependencies = (
				03E866DF2915E6A9002F3E6B /* PBXTargetDependency */,
			);
			name = "VPN WidgetExtension";
			packageProductDependencies = (
				03E866E02915E6B1002F3E6B /* TunnelKit */,
				03E866E22915E6B1002F3E6B /* TunnelKitWireGuard */,
				03E866E42915E6B1002F3E6B /* TunnelKitWireGuardAppExtension */,
			);
			productName = "VPN WidgetExtension";
			productReference = 03B33D1928F1DB30006F7BB3 /* VPN WidgetExtension.appex */;
			productType = "com.apple.product-type.app-extension";
		};
		03CDC187291323510099DE5F /* WireGuard Network Extension iOS */ = {
			isa = PBXNativeTarget;
			buildConfigurationList = 03CDC193291323510099DE5F /* Build configuration list for PBXNativeTarget "WireGuard Network Extension iOS" */;
			buildPhases = (
				03CDC184291323510099DE5F /* Sources */,
				03CDC185291323510099DE5F /* Frameworks */,
				03CDC186291323510099DE5F /* Resources */,
			);
			buildRules = (
			);
			dependencies = (
				03CDC1A1291349F00099DE5F /* PBXTargetDependency */,
			);
			name = "WireGuard Network Extension iOS";
			packageProductDependencies = (
				03CDC1A2291349F50099DE5F /* TunnelKit */,
				03CDC1A4291349F50099DE5F /* TunnelKitWireGuard */,
				03E866D3291533DB002F3E6B /* TunnelKitWireGuardAppExtension */,
			);
			productName = "Network Extension";
			productReference = 03CDC188291323510099DE5F /* WireGuard Network Extension iOS.appex */;
			productType = "com.apple.product-type.app-extension";
		};
		6F05DBB22894128700632934 /* Liberty */ = {
			isa = PBXNativeTarget;
			buildConfigurationList = 6F05DBC22894128A00632934 /* Build configuration list for PBXNativeTarget "Liberty" */;
			buildPhases = (
				6F05DBAF2894128700632934 /* Sources */,
				6F05DBB02894128700632934 /* Frameworks */,
				6F05DBB12894128700632934 /* Resources */,
				03A15DB228B10F9D00D73910 /* Embed App Extensions */,
			);
			buildRules = (
			);
			dependencies = (
				03B33D2928F1DB31006F7BB3 /* PBXTargetDependency */,
				03CDC191291323510099DE5F /* PBXTargetDependency */,
			);
			name = Liberty;
			packageProductDependencies = (
				03CDC1A629134A000099DE5F /* TunnelKit */,
				03CDC1A829134A000099DE5F /* TunnelKitWireGuard */,
				03E866D1291533D4002F3E6B /* TunnelKitWireGuardAppExtension */,
			);
			productName = Liberty;
			productReference = 6F05DBB32894128700632934 /* Liberty.app */;
			productType = "com.apple.product-type.application";
		};
/* End PBXNativeTarget section */

/* Begin PBXProject section */
		6F05DBAB2894128700632934 /* Project object */ = {
			isa = PBXProject;
			attributes = {
				BuildIndependentTargetsInParallel = 1;
				LastSwiftUpdateCheck = 1400;
				LastUpgradeCheck = 1400;
				TargetAttributes = {
					03B33D1828F1DB30006F7BB3 = {
						CreatedOnToolsVersion = 14.0.1;
					};
					03CDC187291323510099DE5F = {
						CreatedOnToolsVersion = 14.0.1;
					};
					03CDC196291323F20099DE5F = {
						CreatedOnToolsVersion = 14.0.1;
					};
					6F05DBB22894128700632934 = {
						CreatedOnToolsVersion = 14.0;
					};
				};
			};
			buildConfigurationList = 6F05DBAE2894128700632934 /* Build configuration list for PBXProject "Liberty" */;
			compatibilityVersion = "Xcode 13.0";
			developmentRegion = en;
			hasScannedForEncodings = 0;
			knownRegions = (
				en,
				Base,
			);
			mainGroup = 6F05DBAA2894128700632934;
			packageReferences = (
				03CDC17F291322670099DE5F /* XCRemoteSwiftPackageReference "tunnelkit" */,
			);
			productRefGroup = 6F05DBB42894128700632934 /* Products */;
			projectDirPath = "";
			projectRoot = "";
			targets = (
				6F05DBB22894128700632934 /* Liberty */,
				03B33D1828F1DB30006F7BB3 /* VPN WidgetExtension */,
				03CDC187291323510099DE5F /* WireGuard Network Extension iOS */,
				03CDC196291323F20099DE5F /* WireGuardBridgeiOS */,
			);
		};
/* End PBXProject section */

/* Begin PBXResourcesBuildPhase section */
		03B33D1728F1DB30006F7BB3 /* Resources */ = {
			isa = PBXResourcesBuildPhase;
			buildActionMask = 2147483647;
			files = (
				03507E6F28F3A923004D0D0F /* Exo2.ttf in Resources */,
				03507E6E28F3A8A6004D0D0F /* Assets.xcassets in Resources */,
			);
			runOnlyForDeploymentPostprocessing = 0;
		};
		03CDC186291323510099DE5F /* Resources */ = {
			isa = PBXResourcesBuildPhase;
			buildActionMask = 2147483647;
			files = (
			);
			runOnlyForDeploymentPostprocessing = 0;
		};
		6F05DBB12894128700632934 /* Resources */ = {
			isa = PBXResourcesBuildPhase;
			buildActionMask = 2147483647;
			files = (
				6F05DBBF2894128A00632934 /* Preview Assets.xcassets in Resources */,
				03A15DBD28B11E6000D73910 /* dev_fuckrkn1.p12 in Resources */,
				03D333E828A950A90083B0D0 /* fuckrkn1.p12 in Resources */,
				6F05DBBB2894128A00632934 /* Assets.xcassets in Resources */,
				6F45B97E289430CD001076C8 /* Exo2.ttf in Resources */,
			);
			runOnlyForDeploymentPostprocessing = 0;
		};
/* End PBXResourcesBuildPhase section */

/* Begin PBXSourcesBuildPhase section */
		03B33D1528F1DB30006F7BB3 /* Sources */ = {
			isa = PBXSourcesBuildPhase;
			buildActionMask = 2147483647;
			files = (
				03507E9E28F3B959004D0D0F /* Defaults.swift in Sources */,
				03507EA228F40E78004D0D0F /* Delay.swift in Sources */,
				03507EA428F4BAC9004D0D0F /* WidgetUtils.swift in Sources */,
				03B33D2128F1DB30006F7BB3 /* VPN_Widget.swift in Sources */,
				03B33D2628F1DB31006F7BB3 /* VPN_Widget.intentdefinition in Sources */,
				03507EA728F4BBDD004D0D0F /* WidgetContent.swift in Sources */,
				03E866DD2915E63D002F3E6B /* VPNStatus+Extensions.swift in Sources */,
			);
			runOnlyForDeploymentPostprocessing = 0;
		};
		03CDC184291323510099DE5F /* Sources */ = {
			isa = PBXSourcesBuildPhase;
			buildActionMask = 2147483647;
			files = (
				03E866D729153B20002F3E6B /* PacketTunnelProvider.swift in Sources */,
			);
			runOnlyForDeploymentPostprocessing = 0;
		};
		6F05DBAF2894128700632934 /* Sources */ = {
			isa = PBXSourcesBuildPhase;
			buildActionMask = 2147483647;
			files = (
				03D333F428AC2B5C0083B0D0 /* AppDelegate.swift in Sources */,
				03507E9D28F3B954004D0D0F /* Defaults.swift in Sources */,
				6F05DBC92894130100632934 /* DonateScreen.swift in Sources */,
				03507E7428F3B215004D0D0F /* DeeplinkParser.swift in Sources */,
				03E866EA29167140002F3E6B /* String+Extensions.swift in Sources */,
				03D333E328A942F00083B0D0 /* VPNSettings.swift in Sources */,
				6F05DBC82894130100632934 /* ConnectView.swift in Sources */,
				6F05DBB92894128700632934 /* ContentView.swift in Sources */,
				03E866E82915E7C8002F3E6B /* VPNStatus+Extensions.swift in Sources */,
				03D333F628AC2CB80083B0D0 /* P12Service.swift in Sources */,
				03BDDE6929152C6C0026B1E4 /* Configuration.swift in Sources */,
				03507EA128F40E78004D0D0F /* Delay.swift in Sources */,
				03D333EC28A96A1F0083B0D0 /* Typealiases.swift in Sources */,
				03AD5178289AC51F0097101D /* WireGuardService.swift in Sources */,
				03E866DA2915E4EB002F3E6B /* VPNService.swift in Sources */,
				6F05DBCA2894130100632934 /* AboutScreen.swift in Sources */,
				6F05DBB72894128700632934 /* LibertyApp.swift in Sources */,
				03B33D2728F1DB31006F7BB3 /* VPN_Widget.intentdefinition in Sources */,
			);
			runOnlyForDeploymentPostprocessing = 0;
		};
/* End PBXSourcesBuildPhase section */

/* Begin PBXTargetDependency section */
		03B33D2928F1DB31006F7BB3 /* PBXTargetDependency */ = {
			isa = PBXTargetDependency;
			target = 03B33D1828F1DB30006F7BB3 /* VPN WidgetExtension */;
			targetProxy = 03B33D2828F1DB31006F7BB3 /* PBXContainerItemProxy */;
		};
		03CDC191291323510099DE5F /* PBXTargetDependency */ = {
			isa = PBXTargetDependency;
			target = 03CDC187291323510099DE5F /* WireGuard Network Extension iOS */;
			targetProxy = 03CDC190291323510099DE5F /* PBXContainerItemProxy */;
		};
		03CDC1A1291349F00099DE5F /* PBXTargetDependency */ = {
			isa = PBXTargetDependency;
			target = 03CDC196291323F20099DE5F /* WireGuardBridgeiOS */;
			targetProxy = 03CDC1A0291349F00099DE5F /* PBXContainerItemProxy */;
		};
		03E866DF2915E6A9002F3E6B /* PBXTargetDependency */ = {
			isa = PBXTargetDependency;
			target = 03CDC187291323510099DE5F /* WireGuard Network Extension iOS */;
			targetProxy = 03E866DE2915E6A9002F3E6B /* PBXContainerItemProxy */;
		};
/* End PBXTargetDependency section */

/* Begin XCBuildConfiguration section */
		03B33D2B28F1DB31006F7BB3 /* Debug */ = {
			isa = XCBuildConfiguration;
			buildSettings = {
				ASSETCATALOG_COMPILER_GLOBAL_ACCENT_COLOR_NAME = AccentColor;
				ASSETCATALOG_COMPILER_WIDGET_BACKGROUND_COLOR_NAME = WidgetBackground;
				CODE_SIGN_ENTITLEMENTS = "Liberty/Supporting Files/Entitlements/VPN WidgetExtension.entitlements";
				CODE_SIGN_STYLE = Automatic;
				CURRENT_PROJECT_VERSION = 1;
				DEVELOPMENT_TEAM = CHF63SS3MM;
				GENERATE_INFOPLIST_FILE = YES;
				INFOPLIST_FILE = "VPN Widget/Info.plist";
				INFOPLIST_KEY_CFBundleDisplayName = "VPN Widget";
				INFOPLIST_KEY_NSHumanReadableCopyright = "";
				IPHONEOS_DEPLOYMENT_TARGET = 16.0;
				LD_RUNPATH_SEARCH_PATHS = (
					"$(inherited)",
					"@executable_path/Frameworks",
					"@executable_path/../../Frameworks",
				);
				MARKETING_VERSION = 1.0;
				PRODUCT_BUNDLE_IDENTIFIER = "com.nezavisimost.Liberty.Soloshenko.VPN-Widget";
				PRODUCT_NAME = "$(TARGET_NAME)";
				SKIP_INSTALL = YES;
				SWIFT_EMIT_LOC_STRINGS = YES;
				SWIFT_VERSION = 5.0;
				TARGETED_DEVICE_FAMILY = "1,2";
			};
			name = Debug;
		};
		03B33D2C28F1DB31006F7BB3 /* Release */ = {
			isa = XCBuildConfiguration;
			buildSettings = {
				ASSETCATALOG_COMPILER_GLOBAL_ACCENT_COLOR_NAME = AccentColor;
				ASSETCATALOG_COMPILER_WIDGET_BACKGROUND_COLOR_NAME = WidgetBackground;
				CODE_SIGN_ENTITLEMENTS = "Liberty/Supporting Files/Entitlements/VPN WidgetExtension.entitlements";
				CODE_SIGN_STYLE = Automatic;
				CURRENT_PROJECT_VERSION = 1;
				DEVELOPMENT_TEAM = CHF63SS3MM;
				GENERATE_INFOPLIST_FILE = YES;
				INFOPLIST_FILE = "VPN Widget/Info.plist";
				INFOPLIST_KEY_CFBundleDisplayName = "VPN Widget";
				INFOPLIST_KEY_NSHumanReadableCopyright = "";
				IPHONEOS_DEPLOYMENT_TARGET = 16.0;
				LD_RUNPATH_SEARCH_PATHS = (
					"$(inherited)",
					"@executable_path/Frameworks",
					"@executable_path/../../Frameworks",
				);
				MARKETING_VERSION = 1.0;
				PRODUCT_BUNDLE_IDENTIFIER = "com.nezavisimost.Liberty.Soloshenko.VPN-Widget";
				PRODUCT_NAME = "$(TARGET_NAME)";
				SKIP_INSTALL = YES;
				SWIFT_EMIT_LOC_STRINGS = YES;
				SWIFT_VERSION = 5.0;
				TARGETED_DEVICE_FAMILY = "1,2";
				VALIDATE_PRODUCT = YES;
			};
			name = Release;
		};
		03CDC194291323510099DE5F /* Debug */ = {
			isa = XCBuildConfiguration;
			buildSettings = {
				CODE_SIGN_ENTITLEMENTS = "Liberty/Supporting Files/Entitlements/WireGuard Network Extension iOS.entitlements";
				CODE_SIGN_STYLE = Automatic;
				CURRENT_PROJECT_VERSION = 1;
				DEVELOPMENT_TEAM = CHF63SS3MM;
				GENERATE_INFOPLIST_FILE = YES;
				INFOPLIST_FILE = "Network Extension/Info.plist";
				INFOPLIST_KEY_CFBundleDisplayName = "Network Extension";
				INFOPLIST_KEY_NSHumanReadableCopyright = "";
				IPHONEOS_DEPLOYMENT_TARGET = 16.0;
				LD_RUNPATH_SEARCH_PATHS = (
					"$(inherited)",
					"@executable_path/Frameworks",
					"@executable_path/../../Frameworks",
				);
				MARKETING_VERSION = 1.0;
				PRODUCT_BUNDLE_IDENTIFIER = "com.nezavisimost.Liberty.Soloshenko.Network-Extension";
				PRODUCT_NAME = "$(TARGET_NAME)";
				SKIP_INSTALL = YES;
				SWIFT_EMIT_LOC_STRINGS = YES;
				SWIFT_VERSION = 5.0;
				TARGETED_DEVICE_FAMILY = "1,2";
			};
			name = Debug;
		};
		03CDC195291323510099DE5F /* Release */ = {
			isa = XCBuildConfiguration;
			buildSettings = {
				CODE_SIGN_ENTITLEMENTS = "Liberty/Supporting Files/Entitlements/WireGuard Network Extension iOS.entitlements";
				CODE_SIGN_STYLE = Automatic;
				CURRENT_PROJECT_VERSION = 1;
				DEVELOPMENT_TEAM = CHF63SS3MM;
				GENERATE_INFOPLIST_FILE = YES;
				INFOPLIST_FILE = "Network Extension/Info.plist";
				INFOPLIST_KEY_CFBundleDisplayName = "Network Extension";
				INFOPLIST_KEY_NSHumanReadableCopyright = "";
				IPHONEOS_DEPLOYMENT_TARGET = 16.0;
				LD_RUNPATH_SEARCH_PATHS = (
					"$(inherited)",
					"@executable_path/Frameworks",
					"@executable_path/../../Frameworks",
				);
				MARKETING_VERSION = 1.0;
				PRODUCT_BUNDLE_IDENTIFIER = "com.nezavisimost.Liberty.Soloshenko.Network-Extension";
				PRODUCT_NAME = "$(TARGET_NAME)";
				SKIP_INSTALL = YES;
				SWIFT_EMIT_LOC_STRINGS = YES;
				SWIFT_VERSION = 5.0;
				TARGETED_DEVICE_FAMILY = "1,2";
				VALIDATE_PRODUCT = YES;
			};
			name = Release;
		};
		03CDC198291323F20099DE5F /* Debug */ = {
			isa = XCBuildConfiguration;
			buildSettings = {
				CODE_SIGN_STYLE = Automatic;
				DEBUGGING_SYMBOLS = YES;
				DEBUG_INFORMATION_FORMAT = dwarf;
				DEVELOPMENT_TEAM = CHF63SS3MM;
				GCC_GENERATE_DEBUGGING_SYMBOLS = YES;
				GCC_OPTIMIZATION_LEVEL = 0;
				OTHER_CFLAGS = "";
				OTHER_LDFLAGS = "";
				PRODUCT_NAME = "$(TARGET_NAME)";
			};
			name = Debug;
		};
		03CDC199291323F20099DE5F /* Release */ = {
			isa = XCBuildConfiguration;
			buildSettings = {
				CODE_SIGN_STYLE = Automatic;
				DEBUG_INFORMATION_FORMAT = "dwarf-with-dsym";
				DEVELOPMENT_TEAM = CHF63SS3MM;
				OTHER_CFLAGS = "";
				OTHER_LDFLAGS = "";
				PRODUCT_NAME = "$(TARGET_NAME)";
			};
			name = Release;
		};
		6F05DBC02894128A00632934 /* Debug */ = {
			isa = XCBuildConfiguration;
			buildSettings = {
				ALWAYS_SEARCH_USER_PATHS = NO;
				CLANG_ANALYZER_NONNULL = YES;
				CLANG_ANALYZER_NUMBER_OBJECT_CONVERSION = YES_AGGRESSIVE;
				CLANG_CXX_LANGUAGE_STANDARD = "gnu++20";
				CLANG_ENABLE_MODULES = YES;
				CLANG_ENABLE_OBJC_ARC = YES;
				CLANG_ENABLE_OBJC_WEAK = YES;
				CLANG_WARN_BLOCK_CAPTURE_AUTORELEASING = YES;
				CLANG_WARN_BOOL_CONVERSION = YES;
				CLANG_WARN_COMMA = YES;
				CLANG_WARN_CONSTANT_CONVERSION = YES;
				CLANG_WARN_DEPRECATED_OBJC_IMPLEMENTATIONS = YES;
				CLANG_WARN_DIRECT_OBJC_ISA_USAGE = YES_ERROR;
				CLANG_WARN_DOCUMENTATION_COMMENTS = YES;
				CLANG_WARN_EMPTY_BODY = YES;
				CLANG_WARN_ENUM_CONVERSION = YES;
				CLANG_WARN_INFINITE_RECURSION = YES;
				CLANG_WARN_INT_CONVERSION = YES;
				CLANG_WARN_NON_LITERAL_NULL_CONVERSION = YES;
				CLANG_WARN_OBJC_IMPLICIT_RETAIN_SELF = YES;
				CLANG_WARN_OBJC_LITERAL_CONVERSION = YES;
				CLANG_WARN_OBJC_ROOT_CLASS = YES_ERROR;
				CLANG_WARN_QUOTED_INCLUDE_IN_FRAMEWORK_HEADER = YES;
				CLANG_WARN_RANGE_LOOP_ANALYSIS = YES;
				CLANG_WARN_STRICT_PROTOTYPES = YES;
				CLANG_WARN_SUSPICIOUS_MOVE = YES;
				CLANG_WARN_UNGUARDED_AVAILABILITY = YES_AGGRESSIVE;
				CLANG_WARN_UNREACHABLE_CODE = YES;
				CLANG_WARN__DUPLICATE_METHOD_MATCH = YES;
				COPY_PHASE_STRIP = NO;
				DEBUG_INFORMATION_FORMAT = dwarf;
				ENABLE_BITCODE = NO;
				ENABLE_STRICT_OBJC_MSGSEND = YES;
				ENABLE_TESTABILITY = YES;
				GCC_C_LANGUAGE_STANDARD = gnu11;
				GCC_DYNAMIC_NO_PIC = NO;
				GCC_NO_COMMON_BLOCKS = YES;
				GCC_OPTIMIZATION_LEVEL = 0;
				GCC_PREPROCESSOR_DEFINITIONS = (
					"DEBUG=1",
					"$(inherited)",
				);
				GCC_WARN_64_TO_32_BIT_CONVERSION = YES;
				GCC_WARN_ABOUT_RETURN_TYPE = YES_ERROR;
				GCC_WARN_UNDECLARED_SELECTOR = YES;
				GCC_WARN_UNINITIALIZED_AUTOS = YES_AGGRESSIVE;
				GCC_WARN_UNUSED_FUNCTION = YES;
				GCC_WARN_UNUSED_VARIABLE = YES;
				MTL_ENABLE_DEBUG_INFO = INCLUDE_SOURCE;
				MTL_FAST_MATH = YES;
				ONLY_ACTIVE_ARCH = YES;
				SDKROOT = iphoneos;
				SWIFT_ACTIVE_COMPILATION_CONDITIONS = DEBUG;
				SWIFT_OPTIMIZATION_LEVEL = "-Onone";
			};
			name = Debug;
		};
		6F05DBC12894128A00632934 /* Release */ = {
			isa = XCBuildConfiguration;
			buildSettings = {
				ALWAYS_SEARCH_USER_PATHS = NO;
				CLANG_ANALYZER_NONNULL = YES;
				CLANG_ANALYZER_NUMBER_OBJECT_CONVERSION = YES_AGGRESSIVE;
				CLANG_CXX_LANGUAGE_STANDARD = "gnu++20";
				CLANG_ENABLE_MODULES = YES;
				CLANG_ENABLE_OBJC_ARC = YES;
				CLANG_ENABLE_OBJC_WEAK = YES;
				CLANG_WARN_BLOCK_CAPTURE_AUTORELEASING = YES;
				CLANG_WARN_BOOL_CONVERSION = YES;
				CLANG_WARN_COMMA = YES;
				CLANG_WARN_CONSTANT_CONVERSION = YES;
				CLANG_WARN_DEPRECATED_OBJC_IMPLEMENTATIONS = YES;
				CLANG_WARN_DIRECT_OBJC_ISA_USAGE = YES_ERROR;
				CLANG_WARN_DOCUMENTATION_COMMENTS = YES;
				CLANG_WARN_EMPTY_BODY = YES;
				CLANG_WARN_ENUM_CONVERSION = YES;
				CLANG_WARN_INFINITE_RECURSION = YES;
				CLANG_WARN_INT_CONVERSION = YES;
				CLANG_WARN_NON_LITERAL_NULL_CONVERSION = YES;
				CLANG_WARN_OBJC_IMPLICIT_RETAIN_SELF = YES;
				CLANG_WARN_OBJC_LITERAL_CONVERSION = YES;
				CLANG_WARN_OBJC_ROOT_CLASS = YES_ERROR;
				CLANG_WARN_QUOTED_INCLUDE_IN_FRAMEWORK_HEADER = YES;
				CLANG_WARN_RANGE_LOOP_ANALYSIS = YES;
				CLANG_WARN_STRICT_PROTOTYPES = YES;
				CLANG_WARN_SUSPICIOUS_MOVE = YES;
				CLANG_WARN_UNGUARDED_AVAILABILITY = YES_AGGRESSIVE;
				CLANG_WARN_UNREACHABLE_CODE = YES;
				CLANG_WARN__DUPLICATE_METHOD_MATCH = YES;
				COPY_PHASE_STRIP = NO;
				DEBUG_INFORMATION_FORMAT = "dwarf-with-dsym";
				ENABLE_BITCODE = NO;
				ENABLE_NS_ASSERTIONS = NO;
				ENABLE_STRICT_OBJC_MSGSEND = YES;
				GCC_C_LANGUAGE_STANDARD = gnu11;
				GCC_NO_COMMON_BLOCKS = YES;
				GCC_WARN_64_TO_32_BIT_CONVERSION = YES;
				GCC_WARN_ABOUT_RETURN_TYPE = YES_ERROR;
				GCC_WARN_UNDECLARED_SELECTOR = YES;
				GCC_WARN_UNINITIALIZED_AUTOS = YES_AGGRESSIVE;
				GCC_WARN_UNUSED_FUNCTION = YES;
				GCC_WARN_UNUSED_VARIABLE = YES;
				MTL_ENABLE_DEBUG_INFO = NO;
				MTL_FAST_MATH = YES;
				SDKROOT = iphoneos;
				SWIFT_COMPILATION_MODE = wholemodule;
				SWIFT_OPTIMIZATION_LEVEL = "-O";
			};
			name = Release;
		};
		6F05DBC32894128A00632934 /* Debug */ = {
			isa = XCBuildConfiguration;
			buildSettings = {
				ALWAYS_EMBED_SWIFT_STANDARD_LIBRARIES = YES;
				ASSETCATALOG_COMPILER_APPICON_NAME = AppIcon;
				ASSETCATALOG_COMPILER_GLOBAL_ACCENT_COLOR_NAME = AccentColor;
				CODE_SIGN_ENTITLEMENTS = "Liberty/Supporting Files/Entitlements/Liberty.entitlements";
				CODE_SIGN_STYLE = Automatic;
				CURRENT_PROJECT_VERSION = 1;
				DEVELOPMENT_ASSET_PATHS = "\"Liberty/Supporting Files/Preview Content\"";
				DEVELOPMENT_TEAM = CHF63SS3MM;
				ENABLE_PREVIEWS = YES;
				GENERATE_INFOPLIST_FILE = YES;
				INFOPLIST_FILE = Liberty/Info.plist;
				INFOPLIST_KEY_UIApplicationSceneManifest_Generation = YES;
				"INFOPLIST_KEY_UIApplicationSceneManifest_Generation[sdk=iphoneos*]" = YES;
				"INFOPLIST_KEY_UIApplicationSceneManifest_Generation[sdk=iphonesimulator*]" = YES;
				INFOPLIST_KEY_UIApplicationSupportsIndirectInputEvents = YES;
				"INFOPLIST_KEY_UIApplicationSupportsIndirectInputEvents[sdk=iphoneos*]" = YES;
				"INFOPLIST_KEY_UIApplicationSupportsIndirectInputEvents[sdk=iphonesimulator*]" = YES;
				INFOPLIST_KEY_UILaunchScreen_Generation = YES;
				"INFOPLIST_KEY_UILaunchScreen_Generation[sdk=iphoneos*]" = YES;
				"INFOPLIST_KEY_UILaunchScreen_Generation[sdk=iphonesimulator*]" = YES;
				INFOPLIST_KEY_UIStatusBarStyle = UIStatusBarStyleDefault;
				"INFOPLIST_KEY_UIStatusBarStyle[sdk=iphoneos*]" = UIStatusBarStyleDefault;
				"INFOPLIST_KEY_UIStatusBarStyle[sdk=iphonesimulator*]" = UIStatusBarStyleDefault;
				INFOPLIST_KEY_UISupportedInterfaceOrientations = UIInterfaceOrientationPortrait;
				INFOPLIST_KEY_UISupportedInterfaceOrientations_iPad = "UIInterfaceOrientationLandscapeLeft UIInterfaceOrientationLandscapeRight UIInterfaceOrientationPortrait UIInterfaceOrientationPortraitUpsideDown";
				IPHONEOS_DEPLOYMENT_TARGET = 15.0;
				LD_RUNPATH_SEARCH_PATHS = "@executable_path/Frameworks";
				"LD_RUNPATH_SEARCH_PATHS[sdk=macosx*]" = "@executable_path/../Frameworks";
				MACOSX_DEPLOYMENT_TARGET = 12.3;
				MARKETING_VERSION = 1.0;
				PRODUCT_BUNDLE_IDENTIFIER = com.nezavisimost.Liberty.Soloshenko;
				PRODUCT_NAME = "$(TARGET_NAME)";
				SDKROOT = iphoneos;
				SUPPORTED_PLATFORMS = "iphonesimulator iphoneos";
				SWIFT_EMIT_LOC_STRINGS = YES;
				SWIFT_VERSION = 5.0;
				TARGETED_DEVICE_FAMILY = "1,2";
			};
			name = Debug;
		};
		6F05DBC42894128A00632934 /* Release */ = {
			isa = XCBuildConfiguration;
			buildSettings = {
				ALWAYS_EMBED_SWIFT_STANDARD_LIBRARIES = YES;
				ASSETCATALOG_COMPILER_APPICON_NAME = AppIcon;
				ASSETCATALOG_COMPILER_GLOBAL_ACCENT_COLOR_NAME = AccentColor;
				CODE_SIGN_ENTITLEMENTS = "Liberty/Supporting Files/Entitlements/Liberty.entitlements";
				CODE_SIGN_STYLE = Automatic;
				CURRENT_PROJECT_VERSION = 1;
				DEVELOPMENT_ASSET_PATHS = "\"Liberty/Supporting Files/Preview Content\"";
				DEVELOPMENT_TEAM = CHF63SS3MM;
				ENABLE_PREVIEWS = YES;
				GENERATE_INFOPLIST_FILE = YES;
				INFOPLIST_FILE = Liberty/Info.plist;
				INFOPLIST_KEY_UIApplicationSceneManifest_Generation = YES;
				"INFOPLIST_KEY_UIApplicationSceneManifest_Generation[sdk=iphoneos*]" = YES;
				"INFOPLIST_KEY_UIApplicationSceneManifest_Generation[sdk=iphonesimulator*]" = YES;
				INFOPLIST_KEY_UIApplicationSupportsIndirectInputEvents = YES;
				"INFOPLIST_KEY_UIApplicationSupportsIndirectInputEvents[sdk=iphoneos*]" = YES;
				"INFOPLIST_KEY_UIApplicationSupportsIndirectInputEvents[sdk=iphonesimulator*]" = YES;
				INFOPLIST_KEY_UILaunchScreen_Generation = YES;
				"INFOPLIST_KEY_UILaunchScreen_Generation[sdk=iphoneos*]" = YES;
				"INFOPLIST_KEY_UILaunchScreen_Generation[sdk=iphonesimulator*]" = YES;
				INFOPLIST_KEY_UIStatusBarStyle = UIStatusBarStyleDefault;
				"INFOPLIST_KEY_UIStatusBarStyle[sdk=iphoneos*]" = UIStatusBarStyleDefault;
				"INFOPLIST_KEY_UIStatusBarStyle[sdk=iphonesimulator*]" = UIStatusBarStyleDefault;
				INFOPLIST_KEY_UISupportedInterfaceOrientations = UIInterfaceOrientationPortrait;
				INFOPLIST_KEY_UISupportedInterfaceOrientations_iPad = "UIInterfaceOrientationLandscapeLeft UIInterfaceOrientationLandscapeRight UIInterfaceOrientationPortrait UIInterfaceOrientationPortraitUpsideDown";
				IPHONEOS_DEPLOYMENT_TARGET = 15.0;
				LD_RUNPATH_SEARCH_PATHS = "@executable_path/Frameworks";
				"LD_RUNPATH_SEARCH_PATHS[sdk=macosx*]" = "@executable_path/../Frameworks";
				MACOSX_DEPLOYMENT_TARGET = 12.3;
				MARKETING_VERSION = 1.0;
				PRODUCT_BUNDLE_IDENTIFIER = com.nezavisimost.Liberty.Soloshenko;
				PRODUCT_NAME = "$(TARGET_NAME)";
				SDKROOT = iphoneos;
				SUPPORTED_PLATFORMS = "iphonesimulator iphoneos";
				SWIFT_EMIT_LOC_STRINGS = YES;
				SWIFT_VERSION = 5.0;
				TARGETED_DEVICE_FAMILY = "1,2";
			};
			name = Release;
		};
/* End XCBuildConfiguration section */

/* Begin XCConfigurationList section */
		03B33D2D28F1DB31006F7BB3 /* Build configuration list for PBXNativeTarget "VPN WidgetExtension" */ = {
			isa = XCConfigurationList;
			buildConfigurations = (
				03B33D2B28F1DB31006F7BB3 /* Debug */,
				03B33D2C28F1DB31006F7BB3 /* Release */,
			);
			defaultConfigurationIsVisible = 0;
			defaultConfigurationName = Release;
		};
		03CDC193291323510099DE5F /* Build configuration list for PBXNativeTarget "WireGuard Network Extension iOS" */ = {
			isa = XCConfigurationList;
			buildConfigurations = (
				03CDC194291323510099DE5F /* Debug */,
				03CDC195291323510099DE5F /* Release */,
			);
			defaultConfigurationIsVisible = 0;
			defaultConfigurationName = Release;
		};
		03CDC197291323F20099DE5F /* Build configuration list for PBXLegacyTarget "WireGuardBridgeiOS" */ = {
			isa = XCConfigurationList;
			buildConfigurations = (
				03CDC198291323F20099DE5F /* Debug */,
				03CDC199291323F20099DE5F /* Release */,
			);
			defaultConfigurationIsVisible = 0;
			defaultConfigurationName = Release;
		};
		6F05DBAE2894128700632934 /* Build configuration list for PBXProject "Liberty" */ = {
			isa = XCConfigurationList;
			buildConfigurations = (
				6F05DBC02894128A00632934 /* Debug */,
				6F05DBC12894128A00632934 /* Release */,
			);
			defaultConfigurationIsVisible = 0;
			defaultConfigurationName = Release;
		};
		6F05DBC22894128A00632934 /* Build configuration list for PBXNativeTarget "Liberty" */ = {
			isa = XCConfigurationList;
			buildConfigurations = (
				6F05DBC32894128A00632934 /* Debug */,
				6F05DBC42894128A00632934 /* Release */,
			);
			defaultConfigurationIsVisible = 0;
			defaultConfigurationName = Release;
		};
/* End XCConfigurationList section */

/* Begin XCRemoteSwiftPackageReference section */
		03CDC17F291322670099DE5F /* XCRemoteSwiftPackageReference "tunnelkit" */ = {
			isa = XCRemoteSwiftPackageReference;
			repositoryURL = "https://github.com/passepartoutvpn/tunnelkit";
			requirement = {
				branch = master;
				kind = branch;
			};
		};
/* End XCRemoteSwiftPackageReference section */

/* Begin XCSwiftPackageProductDependency section */
		03CDC1A2291349F50099DE5F /* TunnelKit */ = {
			isa = XCSwiftPackageProductDependency;
			package = 03CDC17F291322670099DE5F /* XCRemoteSwiftPackageReference "tunnelkit" */;
			productName = TunnelKit;
		};
		03CDC1A4291349F50099DE5F /* TunnelKitWireGuard */ = {
			isa = XCSwiftPackageProductDependency;
			package = 03CDC17F291322670099DE5F /* XCRemoteSwiftPackageReference "tunnelkit" */;
			productName = TunnelKitWireGuard;
		};
		03CDC1A629134A000099DE5F /* TunnelKit */ = {
			isa = XCSwiftPackageProductDependency;
			package = 03CDC17F291322670099DE5F /* XCRemoteSwiftPackageReference "tunnelkit" */;
			productName = TunnelKit;
		};
		03CDC1A829134A000099DE5F /* TunnelKitWireGuard */ = {
			isa = XCSwiftPackageProductDependency;
			package = 03CDC17F291322670099DE5F /* XCRemoteSwiftPackageReference "tunnelkit" */;
			productName = TunnelKitWireGuard;
		};
		03E866D1291533D4002F3E6B /* TunnelKitWireGuardAppExtension */ = {
			isa = XCSwiftPackageProductDependency;
			package = 03CDC17F291322670099DE5F /* XCRemoteSwiftPackageReference "tunnelkit" */;
			productName = TunnelKitWireGuardAppExtension;
		};
		03E866D3291533DB002F3E6B /* TunnelKitWireGuardAppExtension */ = {
			isa = XCSwiftPackageProductDependency;
			package = 03CDC17F291322670099DE5F /* XCRemoteSwiftPackageReference "tunnelkit" */;
			productName = TunnelKitWireGuardAppExtension;
		};
		03E866E02915E6B1002F3E6B /* TunnelKit */ = {
			isa = XCSwiftPackageProductDependency;
			package = 03CDC17F291322670099DE5F /* XCRemoteSwiftPackageReference "tunnelkit" */;
			productName = TunnelKit;
		};
		03E866E22915E6B1002F3E6B /* TunnelKitWireGuard */ = {
			isa = XCSwiftPackageProductDependency;
			package = 03CDC17F291322670099DE5F /* XCRemoteSwiftPackageReference "tunnelkit" */;
			productName = TunnelKitWireGuard;
		};
		03E866E42915E6B1002F3E6B /* TunnelKitWireGuardAppExtension */ = {
			isa = XCSwiftPackageProductDependency;
			package = 03CDC17F291322670099DE5F /* XCRemoteSwiftPackageReference "tunnelkit" */;
			productName = TunnelKitWireGuardAppExtension;
		};
/* End XCSwiftPackageProductDependency section */
	};
	rootObject = 6F05DBAB2894128700632934 /* Project object */;
}
